
Microsoft Visual Studio Solution File, Format Version 12.00
# Visual Studio 15
VisualStudioVersion = 15.0.27004.2005
MinimumVisualStudioVersion = 10.0.40219.1
Project("{FAE04EC0-301F-11D3-BF4B-00C04F79EFBC}") = "fractale", "fractale\fractale.csproj", "{5D424C39-00B8-4DBE-A0EC-7E1F32398980}"
EndProject
Global
	GlobalSection(SolutionConfigurationPlatforms) = preSolution
		Debug|Any CPU = Debug|Any CPU
		Release|Any CPU = Release|Any CPU
	EndGlobalSection
	GlobalSection(ProjectConfigurationPlatforms) = postSolution
		{5D424C39-00B8-4DBE-A0EC-7E1F32398980}.Debug|Any CPU.ActiveCfg = Debug|Any CPU
		{5D424C39-00B8-4DBE-A0EC-7E1F32398980}.Debug|Any CPU.Build.0 = Debug|Any CPU
		{5D424C39-00B8-4DBE-A0EC-7E1F32398980}.Release|Any CPU.ActiveCfg = Release|Any CPU
		{5D424C39-00B8-4DBE-A0EC-7E1F32398980}.Release|Any CPU.Build.0 = Release|Any CPU
	EndGlobalSection
	GlobalSection(SolutionProperties) = preSolution
		HideSolutionNode = FALSE
	EndGlobalSection
	GlobalSection(ExtensibilityGlobals) = postSolution
		SolutionGuid = {3CF20793-DA68-470A-B427-DA99EC6593AC}
	EndGlobalSection
EndGlobal
